
Microsoft Visual Studio Solution File, Format Version 12.00
# Visual Studio 2013
VisualStudioVersion = 12.0.30501.0
MinimumVisualStudioVersion = 10.0.40219.1
Project("{FAE04EC0-301F-11D3-BF4B-00C04F79EFBC}") = "SqlTools", "SqlTools\SqlTools.csproj", "{7474AFB2-C69B-4AD9-8483-0DAE3C975727}"
EndProject
Project("{2150E333-8FDC-42A3-9474-1A3956D46DE8}") = ".nuget", ".nuget", "{47AF3FBC-F64D-4411-9D90-ADE9670A80B3}"
	ProjectSection(SolutionItems) = preProject
		.nuget\NuGet.Config = .nuget\NuGet.Config
		.nuget\NuGet.exe = .nuget\NuGet.exe
		.nuget\NuGet.targets = .nuget\NuGet.targets
	EndProjectSection
EndProject
Project("{2150E333-8FDC-42A3-9474-1A3956D46DE8}") = "Solution Items", "Solution Items", "{8CE0D1DB-DA12-4BF4-9A68-116FB17DA9F3}"
EndProject
Global
	GlobalSection(SolutionConfigurationPlatforms) = preSolution
		Debug|Any CPU = Debug|Any CPU
		Debug|Mixed Platforms = Debug|Mixed Platforms
		Debug|x86 = Debug|x86
		Release with Code Analysis|Any CPU = Release with Code Analysis|Any CPU
		Release with Code Analysis|Mixed Platforms = Release with Code Analysis|Mixed Platforms
		Release with Code Analysis|x86 = Release with Code Analysis|x86
		Release|Any CPU = Release|Any CPU
		Release|Mixed Platforms = Release|Mixed Platforms
		Release|x86 = Release|x86
	EndGlobalSection
	GlobalSection(ProjectConfigurationPlatforms) = postSolution
		{7474AFB2-C69B-4AD9-8483-0DAE3C975727}.Debug|Any CPU.ActiveCfg = Debug|x86
		{7474AFB2-C69B-4AD9-8483-0DAE3C975727}.Debug|Mixed Platforms.ActiveCfg = Debug|x86
		{7474AFB2-C69B-4AD9-8483-0DAE3C975727}.Debug|Mixed Platforms.Build.0 = Debug|x86
		{7474AFB2-C69B-4AD9-8483-0DAE3C975727}.Debug|x86.ActiveCfg = Debug|x86
		{7474AFB2-C69B-4AD9-8483-0DAE3C975727}.Debug|x86.Build.0 = Debug|x86
		{7474AFB2-C69B-4AD9-8483-0DAE3C975727}.Release with Code Analysis|Any CPU.ActiveCfg = Release|x86
		{7474AFB2-C69B-4AD9-8483-0DAE3C975727}.Release with Code Analysis|Mixed Platforms.ActiveCfg = Release|x86
		{7474AFB2-C69B-4AD9-8483-0DAE3C975727}.Release with Code Analysis|Mixed Platforms.Build.0 = Release|x86
		{7474AFB2-C69B-4AD9-8483-0DAE3C975727}.Release with Code Analysis|x86.ActiveCfg = Release|x86
		{7474AFB2-C69B-4AD9-8483-0DAE3C975727}.Release with Code Analysis|x86.Build.0 = Release|x86
		{7474AFB2-C69B-4AD9-8483-0DAE3C975727}.Release|Any CPU.ActiveCfg = Release|x86
		{7474AFB2-C69B-4AD9-8483-0DAE3C975727}.Release|Mixed Platforms.ActiveCfg = Release|x86
		{7474AFB2-C69B-4AD9-8483-0DAE3C975727}.Release|Mixed Platforms.Build.0 = Release|x86
		{7474AFB2-C69B-4AD9-8483-0DAE3C975727}.Release|x86.ActiveCfg = Release|x86
		{7474AFB2-C69B-4AD9-8483-0DAE3C975727}.Release|x86.Build.0 = Release|x86
	EndGlobalSection
	GlobalSection(SolutionProperties) = preSolution
		HideSolutionNode = FALSE
	EndGlobalSection
EndGlobal
